
Microsoft Visual Studio Solution File, Format Version 12.00
# Visual Studio Version 16
VisualStudioVersion = 16.0.29020.237
MinimumVisualStudioVersion = 10.0.40219.1
Project("{9A19103F-16F7-4668-BE54-9A1E7A4F7556}") = "Platform.Converters", "сsharp\Platform.Converters\Platform.Converters.csproj", "{28298BD4-164B-4029-8BE4-40C499690955}"
EndProject
Project("{9A19103F-16F7-4668-BE54-9A1E7A4F7556}") = "Platform.Converters.Benchmarks", "сsharp\Platform.Converters.Benchmarks\Platform.Converters.Benchmarks.csproj", "{92FDA8DA-6039-48E9-B930-74EFF133AB9B}"
EndProject
Project("{9A19103F-16F7-4668-BE54-9A1E7A4F7556}") = "Platform.Converters.Tests", "сsharp\Platform.Converters.Tests\Platform.Converters.Tests.csproj", "{25A91129-29D1-40E2-9A1E-8ECAD52D1280}"
EndProject
Global
	GlobalSection(SolutionConfigurationPlatforms) = preSolution
		Debug|Any CPU = Debug|Any CPU
		Release|Any CPU = Release|Any CPU
	EndGlobalSection
	GlobalSection(ProjectConfigurationPlatforms) = postSolution
		{28298BD4-164B-4029-8BE4-40C499690955}.Debug|Any CPU.ActiveCfg = Debug|Any CPU
		{28298BD4-164B-4029-8BE4-40C499690955}.Debug|Any CPU.Build.0 = Debug|Any CPU
		{28298BD4-164B-4029-8BE4-40C499690955}.Release|Any CPU.ActiveCfg = Release|Any CPU
		{28298BD4-164B-4029-8BE4-40C499690955}.Release|Any CPU.Build.0 = Release|Any CPU
		{92FDA8DA-6039-48E9-B930-74EFF133AB9B}.Debug|Any CPU.ActiveCfg = Debug|Any CPU
		{92FDA8DA-6039-48E9-B930-74EFF133AB9B}.Debug|Any CPU.Build.0 = Debug|Any CPU
		{92FDA8DA-6039-48E9-B930-74EFF133AB9B}.Release|Any CPU.ActiveCfg = Release|Any CPU
		{92FDA8DA-6039-48E9-B930-74EFF133AB9B}.Release|Any CPU.Build.0 = Release|Any CPU
		{25A91129-29D1-40E2-9A1E-8ECAD52D1280}.Debug|Any CPU.ActiveCfg = Debug|Any CPU
		{25A91129-29D1-40E2-9A1E-8ECAD52D1280}.Debug|Any CPU.Build.0 = Debug|Any CPU
		{25A91129-29D1-40E2-9A1E-8ECAD52D1280}.Release|Any CPU.ActiveCfg = Release|Any CPU
		{25A91129-29D1-40E2-9A1E-8ECAD52D1280}.Release|Any CPU.Build.0 = Release|Any CPU
	EndGlobalSection
	GlobalSection(SolutionProperties) = preSolution
		HideSolutionNode = FALSE
	EndGlobalSection
	GlobalSection(ExtensibilityGlobals) = postSolution
		SolutionGuid = {291CBD31-6547-452D-AB10-4D7369DE0AE6}
	EndGlobalSection
EndGlobal
