
Microsoft Visual Studio Solution File, Format Version 12.00
# Visual Studio Version 16
VisualStudioVersion = 16.0.29020.237
MinimumVisualStudioVersion = 10.0.40219.1
Project("{9A19103F-16F7-4668-BE54-9A1E7A4F7556}") = "Platform.Converters", "Platform.Converters\Platform.Converters.csproj", "{C387C935-9772-4A41-B225-9063E4D6E0BC}"
EndProject
Global
	GlobalSection(SolutionConfigurationPlatforms) = preSolution
		Debug|Any CPU = Debug|Any CPU
		Release|Any CPU = Release|Any CPU
	EndGlobalSection
	GlobalSection(ProjectConfigurationPlatforms) = postSolution
		{C387C935-9772-4A41-B225-9063E4D6E0BC}.Debug|Any CPU.ActiveCfg = Debug|Any CPU
		{C387C935-9772-4A41-B225-9063E4D6E0BC}.Debug|Any CPU.Build.0 = Debug|Any CPU
		{C387C935-9772-4A41-B225-9063E4D6E0BC}.Release|Any CPU.ActiveCfg = Release|Any CPU
		{C387C935-9772-4A41-B225-9063E4D6E0BC}.Release|Any CPU.Build.0 = Release|Any CPU
	EndGlobalSection
	GlobalSection(SolutionProperties) = preSolution
		HideSolutionNode = FALSE
	EndGlobalSection
	GlobalSection(ExtensibilityGlobals) = postSolution
		SolutionGuid = {291CBD31-6547-452D-AB10-4D7369DE0AE6}
	EndGlobalSection
EndGlobal
